
Microsoft Visual Studio Solution File, Format Version 12.00
# Visual Studio 15
VisualStudioVersion = 15.0.28010.2041
MinimumVisualStudioVersion = 10.0.40219.1
Project("{2150E333-8FDC-42A3-9474-1A3956D46DE8}") = "Solution Items", "Solution Items", "{CE8FE042-F057-47E0-88C5-9519B1181FF7}"
	ProjectSection(SolutionItems) = preProject
		README.md = README.md
	EndProjectSection
EndProject
Project("{FAE04EC0-301F-11D3-BF4B-00C04F79EFBC}") = "CodingChallenge", "CodingChallenge\CodingChallenge.csproj", "{4E8F3879-9469-42F4-83AF-D14FC0CC3F90}"
EndProject
Global
	GlobalSection(SolutionConfigurationPlatforms) = preSolution
		Debug|Any CPU = Debug|Any CPU
		Release|Any CPU = Release|Any CPU
	EndGlobalSection
	GlobalSection(ProjectConfigurationPlatforms) = postSolution
		{4E8F3879-9469-42F4-83AF-D14FC0CC3F90}.Debug|Any CPU.ActiveCfg = Debug|Any CPU
		{4E8F3879-9469-42F4-83AF-D14FC0CC3F90}.Debug|Any CPU.Build.0 = Debug|Any CPU
		{4E8F3879-9469-42F4-83AF-D14FC0CC3F90}.Release|Any CPU.ActiveCfg = Release|Any CPU
		{4E8F3879-9469-42F4-83AF-D14FC0CC3F90}.Release|Any CPU.Build.0 = Release|Any CPU
	EndGlobalSection
	GlobalSection(SolutionProperties) = preSolution
		HideSolutionNode = FALSE
	EndGlobalSection
	GlobalSection(ExtensibilityGlobals) = postSolution
		SolutionGuid = {EBAC613F-8C82-4771-987A-F3B2C432BD70}
	EndGlobalSection
EndGlobal
